{
    "_readme": [
        "This file locks the dependencies of your project to a known state",
        "Read more about it at https://getcomposer.org/doc/01-basic-usage.md#installing-dependencies",
        "This file is @generated automatically"
    ],
    "content-hash": "7aa3524315df28baab259c3e09b0bb3f",
    "packages": [
        {
            "name": "premoweb/cms",
            "version": "0.0.1",
            "dist": {
                "type": "path",
                "url": "..",
                "reference": "ba12656e9755fec1903f42e1d4f7257762a85bf6"
            },
            "require": {
                "php": ">=8.3"
            },
            "type": "library",
            "autoload": {
                "psr-4": {
                    "PremoWeb\\CMS\\": "library/"
                }
            },
            "license": [
                "MIT"
            ],
            "authors": [
                {
                    "name": "Nick Maietta",
                    "email": "nick@premoweb.com",
                    "role": "Developer"
                }
            ],
            "description": "A very capable, ultra-light framework to build performant websites in PHP.",
            "homepage": "https://premoweb.com/software/cms/",
            "transport-options": {
                "symlink": true,
                "relative": true
            }
        }
    ],
    "packages-dev": [],
    "aliases": [],
    "minimum-stability": "stable",
    "stability-flags": [],
    "prefer-stable": false,
    "prefer-lowest": false,
    "platform": [],
    "platform-dev": [],
    "plugin-api-version": "2.6.0"
}
